
Microsoft Visual Studio Solution File, Format Version 12.00
# Visual Studio Version 17
VisualStudioVersion = 17.9.34622.214
MinimumVisualStudioVersion = 10.0.40219.1
Project("{FAE04EC0-301F-11D3-BF4B-00C04F79EFBC}") = "CSTrail", "CSTrail\CSTrail.csproj", "{3584A910-011E-4512-8A85-E66A9A1DA93C}"
EndProject
Global
	GlobalSection(SolutionConfigurationPlatforms) = preSolution
		Debug|Any CPU = Debug|Any CPU
		Release|Any CPU = Release|Any CPU
	EndGlobalSection
	GlobalSection(ProjectConfigurationPlatforms) = postSolution
		{3584A910-011E-4512-8A85-E66A9A1DA93C}.Debug|Any CPU.ActiveCfg = Debug|Any CPU
		{3584A910-011E-4512-8A85-E66A9A1DA93C}.Debug|Any CPU.Build.0 = Debug|Any CPU
		{3584A910-011E-4512-8A85-E66A9A1DA93C}.Release|Any CPU.ActiveCfg = Release|Any CPU
		{3584A910-011E-4512-8A85-E66A9A1DA93C}.Release|Any CPU.Build.0 = Release|Any CPU
	EndGlobalSection
	GlobalSection(SolutionProperties) = preSolution
		HideSolutionNode = FALSE
	EndGlobalSection
	GlobalSection(ExtensibilityGlobals) = postSolution
		SolutionGuid = {45F9D121-461B-423C-8D8B-5081F3E29C4C}
	EndGlobalSection
EndGlobal
